
Microsoft Visual Studio Solution File, Format Version 12.00
# Visual Studio 15
VisualStudioVersion = 15.0.27130.2036
MinimumVisualStudioVersion = 10.0.40219.1
Project("{9A19103F-16F7-4668-BE54-9A1E7A4F7556}") = "LittleBlocks.Excel", "LittleBlocks.Excel\LittleBlocks.Excel.csproj", "{F97E6F67-39D0-4FD0-B3D5-A22CFB521223}"
EndProject
Project("{9A19103F-16F7-4668-BE54-9A1E7A4F7556}") = "LittleBlocks.Excel.UnitTests", "LittleBlocks.Excel.UnitTests\LittleBlocks.Excel.UnitTests.csproj", "{38ADA47B-B3D9-4471-A10E-CDBD915BE539}"
EndProject
Project("{9A19103F-16F7-4668-BE54-9A1E7A4F7556}") = "LittleBlocks.Excel.ClosedXml", "LittleBlocks.Excel.ClosedXml\LittleBlocks.Excel.ClosedXml.csproj", "{D37141FD-968F-4364-A6C2-618FC64156F2}"
EndProject
Project("{2150E333-8FDC-42A3-9474-1A3956D46DE8}") = "Samples", "Samples", "{4692FEC9-3930-4BA1-BA49-440400CEA5BF}"
EndProject
Project("{9A19103F-16F7-4668-BE54-9A1E7A4F7556}") = "LittleBlocks.Excel.SampleApp", "LittleBlocks.Excel.SampleApp\LittleBlocks.Excel.SampleApp.csproj", "{40F6E23C-9CB2-4BB9-9828-351A69B719E1}"
EndProject
Project("{9A19103F-16F7-4668-BE54-9A1E7A4F7556}") = "LittleBlocks.Excel.ClosedXml.IntegrationTests", "LittleBlocks.Excel.ClosedXml.IntegrationTests\LittleBlocks.Excel.ClosedXml.IntegrationTests.csproj", "{E06369B7-D7C9-4186-A33A-44C8F4D1D098}"
EndProject
Project("{FAE04EC0-301F-11D3-BF4B-00C04F79EFBC}") = "LittleBlocks.Excel.Extensions", "LittleBlocks.Excel.Extensions\LittleBlocks.Excel.Extensions.csproj", "{5D6D993C-B312-400A-98BE-4BBD5BD7EDE9}"
EndProject
Project("{2150E333-8FDC-42A3-9474-1A3956D46DE8}") = "Extras", "Extras", "{82536096-D5A9-4714-B246-55242991C504}"
	ProjectSection(SolutionItems) = preProject
		..\GitVersion.yml = ..\GitVersion.yml
	EndProjectSection
EndProject
Global
	GlobalSection(SolutionConfigurationPlatforms) = preSolution
		Debug|Any CPU = Debug|Any CPU
		Release|Any CPU = Release|Any CPU
	EndGlobalSection
	GlobalSection(ProjectConfigurationPlatforms) = postSolution
		{F97E6F67-39D0-4FD0-B3D5-A22CFB521223}.Debug|Any CPU.ActiveCfg = Debug|Any CPU
		{F97E6F67-39D0-4FD0-B3D5-A22CFB521223}.Debug|Any CPU.Build.0 = Debug|Any CPU
		{F97E6F67-39D0-4FD0-B3D5-A22CFB521223}.Release|Any CPU.ActiveCfg = Release|Any CPU
		{F97E6F67-39D0-4FD0-B3D5-A22CFB521223}.Release|Any CPU.Build.0 = Release|Any CPU
		{38ADA47B-B3D9-4471-A10E-CDBD915BE539}.Debug|Any CPU.ActiveCfg = Debug|Any CPU
		{38ADA47B-B3D9-4471-A10E-CDBD915BE539}.Debug|Any CPU.Build.0 = Debug|Any CPU
		{38ADA47B-B3D9-4471-A10E-CDBD915BE539}.Release|Any CPU.ActiveCfg = Release|Any CPU
		{38ADA47B-B3D9-4471-A10E-CDBD915BE539}.Release|Any CPU.Build.0 = Release|Any CPU
		{D37141FD-968F-4364-A6C2-618FC64156F2}.Debug|Any CPU.ActiveCfg = Debug|Any CPU
		{D37141FD-968F-4364-A6C2-618FC64156F2}.Debug|Any CPU.Build.0 = Debug|Any CPU
		{D37141FD-968F-4364-A6C2-618FC64156F2}.Release|Any CPU.ActiveCfg = Release|Any CPU
		{D37141FD-968F-4364-A6C2-618FC64156F2}.Release|Any CPU.Build.0 = Release|Any CPU
		{40F6E23C-9CB2-4BB9-9828-351A69B719E1}.Debug|Any CPU.ActiveCfg = Debug|Any CPU
		{40F6E23C-9CB2-4BB9-9828-351A69B719E1}.Debug|Any CPU.Build.0 = Debug|Any CPU
		{40F6E23C-9CB2-4BB9-9828-351A69B719E1}.Release|Any CPU.ActiveCfg = Release|Any CPU
		{40F6E23C-9CB2-4BB9-9828-351A69B719E1}.Release|Any CPU.Build.0 = Release|Any CPU
		{E06369B7-D7C9-4186-A33A-44C8F4D1D098}.Debug|Any CPU.ActiveCfg = Debug|Any CPU
		{E06369B7-D7C9-4186-A33A-44C8F4D1D098}.Debug|Any CPU.Build.0 = Debug|Any CPU
		{E06369B7-D7C9-4186-A33A-44C8F4D1D098}.Release|Any CPU.ActiveCfg = Release|Any CPU
		{E06369B7-D7C9-4186-A33A-44C8F4D1D098}.Release|Any CPU.Build.0 = Release|Any CPU
		{5D6D993C-B312-400A-98BE-4BBD5BD7EDE9}.Debug|Any CPU.ActiveCfg = Debug|Any CPU
		{5D6D993C-B312-400A-98BE-4BBD5BD7EDE9}.Debug|Any CPU.Build.0 = Debug|Any CPU
		{5D6D993C-B312-400A-98BE-4BBD5BD7EDE9}.Release|Any CPU.ActiveCfg = Release|Any CPU
		{5D6D993C-B312-400A-98BE-4BBD5BD7EDE9}.Release|Any CPU.Build.0 = Release|Any CPU
	EndGlobalSection
	GlobalSection(SolutionProperties) = preSolution
		HideSolutionNode = FALSE
	EndGlobalSection
	GlobalSection(NestedProjects) = preSolution
		{40F6E23C-9CB2-4BB9-9828-351A69B719E1} = {4692FEC9-3930-4BA1-BA49-440400CEA5BF}
	EndGlobalSection
	GlobalSection(ExtensibilityGlobals) = postSolution
		SolutionGuid = {442AE424-4B12-418D-B858-E1087C88A9DA}
	EndGlobalSection
EndGlobal
